
Microsoft Visual Studio Solution File, Format Version 12.00
# Visual Studio Version 16
VisualStudioVersion = 16.0.31729.503
MinimumVisualStudioVersion = 10.0.40219.1
Project("{FAE04EC0-301F-11D3-BF4B-00C04F79EFBC}") = "agun_server", "agun_server.csproj", "{D8B58755-2DD6-4A23-8F9D-94512E030D28}"
EndProject
Global
	GlobalSection(SolutionConfigurationPlatforms) = preSolution
		Debug|Any CPU = Debug|Any CPU
		Release|Any CPU = Release|Any CPU
	EndGlobalSection
	GlobalSection(ProjectConfigurationPlatforms) = postSolution
		{D8B58755-2DD6-4A23-8F9D-94512E030D28}.Debug|Any CPU.ActiveCfg = Debug|Any CPU
		{D8B58755-2DD6-4A23-8F9D-94512E030D28}.Debug|Any CPU.Build.0 = Debug|Any CPU
		{D8B58755-2DD6-4A23-8F9D-94512E030D28}.Release|Any CPU.ActiveCfg = Release|Any CPU
		{D8B58755-2DD6-4A23-8F9D-94512E030D28}.Release|Any CPU.Build.0 = Release|Any CPU
	EndGlobalSection
	GlobalSection(SolutionProperties) = preSolution
		HideSolutionNode = FALSE
	EndGlobalSection
	GlobalSection(ExtensibilityGlobals) = postSolution
		SolutionGuid = {2DE079D8-E792-444B-B7CC-895DF629CD23}
	EndGlobalSection
EndGlobal
